
Microsoft Visual Studio Solution File, Format Version 12.00
# Visual Studio 2013
VisualStudioVersion = 12.0.30110.0
MinimumVisualStudioVersion = 10.0.40219.1
Project("{2150E333-8FDC-42A3-9474-1A3956D46DE8}") = "Clients", "Clients", "{D7D2F7BD-3E2B-4357-BB53-42E9D0888E54}"
EndProject
Project("{FAE04EC0-301F-11D3-BF4B-00C04F79EFBC}") = "RailNet.Clients.Ecos", "RailNet.Clients.Ecos\RailNet.Clients.Ecos.csproj", "{AC3B737D-E0AD-4E37-BF8E-E8D42623A9D3}"
EndProject
Project("{FAE04EC0-301F-11D3-BF4B-00C04F79EFBC}") = "RailNet.Core", "RailNet.Core\RailNet.Core.csproj", "{CBA9FC0E-38BE-4166-8B92-710F58509586}"
EndProject
Project("{2150E333-8FDC-42A3-9474-1A3956D46DE8}") = "Tests", "Tests", "{72B5F6A9-405F-465F-9428-B1D3EDE51CAC}"
EndProject
Project("{FAE04EC0-301F-11D3-BF4B-00C04F79EFBC}") = "RailNet.Core.Tests", "Tests\RailNet.Core.Tests\RailNet.Core.Tests.csproj", "{3DEABBFB-0FB1-471D-ACB7-2038C29F2431}"
EndProject
Project("{FAE04EC0-301F-11D3-BF4B-00C04F79EFBC}") = "RailNet.Clients.Ecos.Tests", "Tests\RailNet.Clients.Ecos.Tests\RailNet.Clients.Ecos.Tests.csproj", "{D1EF21E1-A3F5-4C72-B968-04FA606EE651}"
EndProject
Project("{2150E333-8FDC-42A3-9474-1A3956D46DE8}") = ".nuget", ".nuget", "{C161A543-43A1-44BF-8533-4F613D3F0D0C}"
	ProjectSection(SolutionItems) = preProject
		.nuget\NuGet.Config = .nuget\NuGet.Config
		.nuget\NuGet.exe = .nuget\NuGet.exe
		.nuget\NuGet.targets = .nuget\NuGet.targets
	EndProjectSection
EndProject
Project("{2150E333-8FDC-42A3-9474-1A3956D46DE8}") = "Samples", "Samples", "{3E51F666-FF7C-4E42-A7FA-9A26D31B4F60}"
EndProject
Project("{FAE04EC0-301F-11D3-BF4B-00C04F79EFBC}") = "RailNet.Signalsteuerung.WF", "Samples\RailNet.Signalsteuerung.WF\RailNet.Signalsteuerung.WF.csproj", "{19652E0C-096F-4D7F-8708-C7BA0F211BD3}"
EndProject
Global
	GlobalSection(SolutionConfigurationPlatforms) = preSolution
		Debug|Any CPU = Debug|Any CPU
		Release|Any CPU = Release|Any CPU
	EndGlobalSection
	GlobalSection(ProjectConfigurationPlatforms) = postSolution
		{AC3B737D-E0AD-4E37-BF8E-E8D42623A9D3}.Debug|Any CPU.ActiveCfg = Debug|Any CPU
		{AC3B737D-E0AD-4E37-BF8E-E8D42623A9D3}.Debug|Any CPU.Build.0 = Debug|Any CPU
		{AC3B737D-E0AD-4E37-BF8E-E8D42623A9D3}.Release|Any CPU.ActiveCfg = Release|Any CPU
		{AC3B737D-E0AD-4E37-BF8E-E8D42623A9D3}.Release|Any CPU.Build.0 = Release|Any CPU
		{CBA9FC0E-38BE-4166-8B92-710F58509586}.Debug|Any CPU.ActiveCfg = Debug|Any CPU
		{CBA9FC0E-38BE-4166-8B92-710F58509586}.Debug|Any CPU.Build.0 = Debug|Any CPU
		{CBA9FC0E-38BE-4166-8B92-710F58509586}.Release|Any CPU.ActiveCfg = Release|Any CPU
		{CBA9FC0E-38BE-4166-8B92-710F58509586}.Release|Any CPU.Build.0 = Release|Any CPU
		{3DEABBFB-0FB1-471D-ACB7-2038C29F2431}.Debug|Any CPU.ActiveCfg = Debug|Any CPU
		{3DEABBFB-0FB1-471D-ACB7-2038C29F2431}.Debug|Any CPU.Build.0 = Debug|Any CPU
		{3DEABBFB-0FB1-471D-ACB7-2038C29F2431}.Release|Any CPU.ActiveCfg = Release|Any CPU
		{3DEABBFB-0FB1-471D-ACB7-2038C29F2431}.Release|Any CPU.Build.0 = Release|Any CPU
		{D1EF21E1-A3F5-4C72-B968-04FA606EE651}.Debug|Any CPU.ActiveCfg = Debug|Any CPU
		{D1EF21E1-A3F5-4C72-B968-04FA606EE651}.Debug|Any CPU.Build.0 = Debug|Any CPU
		{D1EF21E1-A3F5-4C72-B968-04FA606EE651}.Release|Any CPU.ActiveCfg = Release|Any CPU
		{D1EF21E1-A3F5-4C72-B968-04FA606EE651}.Release|Any CPU.Build.0 = Release|Any CPU
		{19652E0C-096F-4D7F-8708-C7BA0F211BD3}.Debug|Any CPU.ActiveCfg = Debug|Any CPU
		{19652E0C-096F-4D7F-8708-C7BA0F211BD3}.Debug|Any CPU.Build.0 = Debug|Any CPU
		{19652E0C-096F-4D7F-8708-C7BA0F211BD3}.Release|Any CPU.ActiveCfg = Release|Any CPU
		{19652E0C-096F-4D7F-8708-C7BA0F211BD3}.Release|Any CPU.Build.0 = Release|Any CPU
	EndGlobalSection
	GlobalSection(SolutionProperties) = preSolution
		HideSolutionNode = FALSE
	EndGlobalSection
	GlobalSection(NestedProjects) = preSolution
		{AC3B737D-E0AD-4E37-BF8E-E8D42623A9D3} = {D7D2F7BD-3E2B-4357-BB53-42E9D0888E54}
		{3DEABBFB-0FB1-471D-ACB7-2038C29F2431} = {72B5F6A9-405F-465F-9428-B1D3EDE51CAC}
		{D1EF21E1-A3F5-4C72-B968-04FA606EE651} = {72B5F6A9-405F-465F-9428-B1D3EDE51CAC}
		{19652E0C-096F-4D7F-8708-C7BA0F211BD3} = {3E51F666-FF7C-4E42-A7FA-9A26D31B4F60}
	EndGlobalSection
	GlobalSection(Performance) = preSolution
		HasPerformanceSessions = true
	EndGlobalSection
EndGlobal
